// !$*UTF8*$!
{
	archiveVersion = 1;
	classes = {
	};
	objectVersion = 50;
	objects = {

/* Begin PBXBuildFile section */
		8479C14822C2C64700FAFEFD /* AppDelegate.m in Sources */ = {isa = PBXBuildFile; fileRef = 8479C14722C2C64700FAFEFD /* AppDelegate.m */; };
		8479C14B22C2C64700FAFEFD /* ViewController.m in Sources */ = {isa = PBXBuildFile; fileRef = 8479C14A22C2C64700FAFEFD /* ViewController.m */; };
		8479C14E22C2C64700FAFEFD /* Main.storyboard in Resources */ = {isa = PBXBuildFile; fileRef = 8479C14C22C2C64700FAFEFD /* Main.storyboard */; };
		8479C15022C2C64800FAFEFD /* Assets.xcassets in Resources */ = {isa = PBXBuildFile; fileRef = 8479C14F22C2C64800FAFEFD /* Assets.xcassets */; };
		8479C15322C2C64800FAFEFD /* LaunchScreen.storyboard in Resources */ = {isa = PBXBuildFile; fileRef = 8479C15122C2C64800FAFEFD /* LaunchScreen.storyboard */; };
		8479C15622C2C64800FAFEFD /* main.m in Sources */ = {isa = PBXBuildFile; fileRef = 8479C15522C2C64800FAFEFD /* main.m */; };
		8479C16022C2C64800FAFEFD /* Tip_CalculatorTests.m in Sources */ = {isa = PBXBuildFile; fileRef = 8479C15F22C2C64800FAFEFD /* Tip_CalculatorTests.m */; };
		8479C16B22C2C64800FAFEFD /* Tip_CalculatorUITests.m in Sources */ = {isa = PBXBuildFile; fileRef = 8479C16A22C2C64800FAFEFD /* Tip_CalculatorUITests.m */; };
/* End PBXBuildFile section */

/* Begin PBXContainerItemProxy section */
		8479C15C22C2C64800FAFEFD /* PBXContainerItemProxy */ = {
			isa = PBXContainerItemProxy;
			containerPortal = 8479C13B22C2C64700FAFEFD /* Project object */;
			proxyType = 1;
			remoteGlobalIDString = 8479C14222C2C64700FAFEFD;
			remoteInfo = "Tip Calculator";
		};
		8479C16722C2C64800FAFEFD /* PBXContainerItemProxy */ = {
			isa = PBXContainerItemProxy;
			containerPortal = 8479C13B22C2C64700FAFEFD /* Project object */;
			proxyType = 1;
			remoteGlobalIDString = 8479C14222C2C64700FAFEFD;
			remoteInfo = "Tip Calculator";
		};
/* End PBXContainerItemProxy section */

/* Begin PBXFileReference section */
		8479C14322C2C64700FAFEFD /* Tip Calculator.app */ = {isa = PBXFileReference; explicitFileType = wrapper.application; includeInIndex = 0; path = "Tip Calculator.app"; sourceTree = BUILT_PRODUCTS_DIR; };
		8479C14622C2C64700FAFEFD /* AppDelegate.h */ = {isa = PBXFileReference; lastKnownFileType = sourcecode.c.h; path = AppDelegate.h; sourceTree = "<group>"; };
		8479C14722C2C64700FAFEFD /* AppDelegate.m */ = {isa = PBXFileReference; lastKnownFileType = sourcecode.c.objc; path = AppDelegate.m; sourceTree = "<group>"; };
		8479C14922C2C64700FAFEFD /* ViewController.h */ = {isa = PBXFileReference; lastKnownFileType = sourcecode.c.h; path = ViewController.h; sourceTree = "<group>"; };
		8479C14A22C2C64700FAFEFD /* ViewController.m */ = {isa = PBXFileReference; lastKnownFileType = sourcecode.c.objc; path = ViewController.m; sourceTree = "<group>"; };
		8479C14D22C2C64700FAFEFD /* Base */ = {isa = PBXFileReference; lastKnownFileType = file.storyboard; name = Base; path = Base.lproj/Main.storyboard; sourceTree = "<group>"; };
		8479C14F22C2C64800FAFEFD /* Assets.xcassets */ = {isa = PBXFileReference; lastKnownFileType = folder.assetcatalog; path = Assets.xcassets; sourceTree = "<group>"; };
		8479C15222C2C64800FAFEFD /* Base */ = {isa = PBXFileReference; lastKnownFileType = file.storyboard; name = Base; path = Base.lproj/LaunchScreen.storyboard; sourceTree = "<group>"; };
		8479C15422C2C64800FAFEFD /* Info.plist */ = {isa = PBXFileReference; lastKnownFileType = text.plist.xml; path = Info.plist; sourceTree = "<group>"; };
		8479C15522C2C64800FAFEFD /* main.m */ = {isa = PBXFileReference; lastKnownFileType = sourcecode.c.objc; path = main.m; sourceTree = "<group>"; };
		8479C15B22C2C64800FAFEFD /* Tip CalculatorTests.xctest */ = {isa = PBXFileReference; explicitFileType = wrapper.cfbundle; includeInIndex = 0; path = "Tip CalculatorTests.xctest"; sourceTree = BUILT_PRODUCTS_DIR; };
		8479C15F22C2C64800FAFEFD /* Tip_CalculatorTests.m */ = {isa = PBXFileReference; lastKnownFileType = sourcecode.c.objc; path = Tip_CalculatorTests.m; sourceTree = "<group>"; };
		8479C16122C2C64800FAFEFD /* Info.plist */ = {isa = PBXFileReference; lastKnownFileType = text.plist.xml; path = Info.plist; sourceTree = "<group>"; };
		8479C16622C2C64800FAFEFD /* Tip CalculatorUITests.xctest */ = {isa = PBXFileReference; explicitFileType = wrapper.cfbundle; includeInIndex = 0; path = "Tip CalculatorUITests.xctest"; sourceTree = BUILT_PRODUCTS_DIR; };
		8479C16A22C2C64800FAFEFD /* Tip_CalculatorUITests.m */ = {isa = PBXFileReference; lastKnownFileType = sourcecode.c.objc; path = Tip_CalculatorUITests.m; sourceTree = "<group>"; };
		8479C16C22C2C64800FAFEFD /* Info.plist */ = {isa = PBXFileReference; lastKnownFileType = text.plist.xml; path = Info.plist; sourceTree = "<group>"; };
/* End PBXFileReference section */

/* Begin PBXFrameworksBuildPhase section */
		8479C14022C2C64700FAFEFD /* Frameworks */ = {
			isa = PBXFrameworksBuildPhase;
			buildActionMask = 2147483647;
			files = (
			);
			runOnlyForDeploymentPostprocessing = 0;
		};
		8479C15822C2C64800FAFEFD /* Frameworks */ = {
			isa = PBXFrameworksBuildPhase;
			buildActionMask = 2147483647;
			files = (
			);
			runOnlyForDeploymentPostprocessing = 0;
		};
		8479C16322C2C64800FAFEFD /* Frameworks */ = {
			isa = PBXFrameworksBuildPhase;
			buildActionMask = 2147483647;
			files = (
			);
			runOnlyForDeploymentPostprocessing = 0;
		};
/* End PBXFrameworksBuildPhase section */

/* Begin PBXGroup section */
		8479C13A22C2C64700FAFEFD = {
			isa = PBXGroup;
			children = (
				8479C14522C2C64700FAFEFD /* Tip Calculator */,
				8479C15E22C2C64800FAFEFD /* Tip CalculatorTests */,
				8479C16922C2C64800FAFEFD /* Tip CalculatorUITests */,
				8479C14422C2C64700FAFEFD /* Products */,
			);
			sourceTree = "<group>";
		};
		8479C14422C2C64700FAFEFD /* Products */ = {
			isa = PBXGroup;
			children = (
				8479C14322C2C64700FAFEFD /* Tip Calculator.app */,
				8479C15B22C2C64800FAFEFD /* Tip CalculatorTests.xctest */,
				8479C16622C2C64800FAFEFD /* Tip CalculatorUITests.xctest */,
			);
			name = Products;
			sourceTree = "<group>";
		};
		8479C14522C2C64700FAFEFD /* Tip Calculator */ = {
			isa = PBXGroup;
			children = (
				8479C14622C2C64700FAFEFD /* AppDelegate.h */,
				8479C14722C2C64700FAFEFD /* AppDelegate.m */,
				8479C14922C2C64700FAFEFD /* ViewController.h */,
				8479C14A22C2C64700FAFEFD /* ViewController.m */,
				8479C14C22C2C64700FAFEFD /* Main.storyboard */,
				8479C14F22C2C64800FAFEFD /* Assets.xcassets */,
				8479C15122C2C64800FAFEFD /* LaunchScreen.storyboard */,
				8479C15422C2C64800FAFEFD /* Info.plist */,
				8479C15522C2C64800FAFEFD /* main.m */,
			);
			path = "Tip Calculator";
			sourceTree = "<group>";
		};
		8479C15E22C2C64800FAFEFD /* Tip CalculatorTests */ = {
			isa = PBXGroup;
			children = (
				8479C15F22C2C64800FAFEFD /* Tip_CalculatorTests.m */,
				8479C16122C2C64800FAFEFD /* Info.plist */,
			);
			path = "Tip CalculatorTests";
			sourceTree = "<group>";
		};
		8479C16922C2C64800FAFEFD /* Tip CalculatorUITests */ = {
			isa = PBXGroup;
			children = (
				8479C16A22C2C64800FAFEFD /* Tip_CalculatorUITests.m */,
				8479C16C22C2C64800FAFEFD /* Info.plist */,
			);
			path = "Tip CalculatorUITests";
			sourceTree = "<group>";
		};
/* End PBXGroup section */

/* Begin PBXNativeTarget section */
		8479C14222C2C64700FAFEFD /* Tip Calculator */ = {
			isa = PBXNativeTarget;
			buildConfigurationList = 8479C16F22C2C64800FAFEFD /* Build configuration list for PBXNativeTarget "Tip Calculator" */;
			buildPhases = (
				8479C13F22C2C64700FAFEFD /* Sources */,
				8479C14022C2C64700FAFEFD /* Frameworks */,
				8479C14122C2C64700FAFEFD /* Resources */,
			);
			buildRules = (
			);
			dependencies = (
			);
			name = "Tip Calculator";
			productName = "Tip Calculator";
			productReference = 8479C14322C2C64700FAFEFD /* Tip Calculator.app */;
			productType = "com.apple.product-type.application";
		};
		8479C15A22C2C64800FAFEFD /* Tip CalculatorTests */ = {
			isa = PBXNativeTarget;
			buildConfigurationList = 8479C17222C2C64800FAFEFD /* Build configuration list for PBXNativeTarget "Tip CalculatorTests" */;
			buildPhases = (
				8479C15722C2C64800FAFEFD /* Sources */,
				8479C15822C2C64800FAFEFD /* Frameworks */,
				8479C15922C2C64800FAFEFD /* Resources */,
			);
			buildRules = (
			);
			dependencies = (
				8479C15D22C2C64800FAFEFD /* PBXTargetDependency */,
			);
			name = "Tip CalculatorTests";
			productName = "Tip CalculatorTests";
			productReference = 8479C15B22C2C64800FAFEFD /* Tip CalculatorTests.xctest */;
			productType = "com.apple.product-type.bundle.unit-test";
		};
		8479C16522C2C64800FAFEFD /* Tip CalculatorUITests */ = {
			isa = PBXNativeTarget;
			buildConfigurationList = 8479C17522C2C64800FAFEFD /* Build configuration list for PBXNativeTarget "Tip CalculatorUITests" */;
			buildPhases = (
				8479C16222C2C64800FAFEFD /* Sources */,
				8479C16322C2C64800FAFEFD /* Frameworks */,
				8479C16422C2C64800FAFEFD /* Resources */,
			);
			buildRules = (
			);
			dependencies = (
				8479C16822C2C64800FAFEFD /* PBXTargetDependency */,
			);
			name = "Tip CalculatorUITests";
			productName = "Tip CalculatorUITests";
			productReference = 8479C16622C2C64800FAFEFD /* Tip CalculatorUITests.xctest */;
			productType = "com.apple.product-type.bundle.ui-testing";
		};
/* End PBXNativeTarget section */

/* Begin PBXProject section */
		8479C13B22C2C64700FAFEFD /* Project object */ = {
			isa = PBXProject;
			attributes = {
				LastUpgradeCheck = 1020;
				ORGANIZATIONNAME = samason1;
				TargetAttributes = {
					8479C14222C2C64700FAFEFD = {
						CreatedOnToolsVersion = 10.2.1;
					};
					8479C15A22C2C64800FAFEFD = {
						CreatedOnToolsVersion = 10.2.1;
						TestTargetID = 8479C14222C2C64700FAFEFD;
					};
					8479C16522C2C64800FAFEFD = {
						CreatedOnToolsVersion = 10.2.1;
						TestTargetID = 8479C14222C2C64700FAFEFD;
					};
				};
			};
			buildConfigurationList = 8479C13E22C2C64700FAFEFD /* Build configuration list for PBXProject "Tip Calculator" */;
			compatibilityVersion = "Xcode 9.3";
			developmentRegion = en;
			hasScannedForEncodings = 0;
			knownRegions = (
				en,
				Base,
			);
			mainGroup = 8479C13A22C2C64700FAFEFD;
			productRefGroup = 8479C14422C2C64700FAFEFD /* Products */;
			projectDirPath = "";
			projectRoot = "";
			targets = (
				8479C14222C2C64700FAFEFD /* Tip Calculator */,
				8479C15A22C2C64800FAFEFD /* Tip CalculatorTests */,
				8479C16522C2C64800FAFEFD /* Tip CalculatorUITests */,
			);
		};
/* End PBXProject section */

/* Begin PBXResourcesBuildPhase section */
		8479C14122C2C64700FAFEFD /* Resources */ = {
			isa = PBXResourcesBuildPhase;
			buildActionMask = 2147483647;
			files = (
				8479C15322C2C64800FAFEFD /* LaunchScreen.storyboard in Resources */,
				8479C15022C2C64800FAFEFD /* Assets.xcassets in Resources */,
				8479C14E22C2C64700FAFEFD /* Main.storyboard in Resources */,
			);
			runOnlyForDeploymentPostprocessing = 0;
		};
		8479C15922C2C64800FAFEFD /* Resources */ = {
			isa = PBXResourcesBuildPhase;
			buildActionMask = 2147483647;
			files = (
			);
			runOnlyForDeploymentPostprocessing = 0;
		};
		8479C16422C2C64800FAFEFD /* Resources */ = {
			isa = PBXResourcesBuildPhase;
			buildActionMask = 2147483647;
			files = (
			);
			runOnlyForDeploymentPostprocessing = 0;
		};
/* End PBXResourcesBuildPhase section */

/* Begin PBXSourcesBuildPhase section */
		8479C13F22C2C64700FAFEFD /* Sources */ = {
			isa = PBXSourcesBuildPhase;
			buildActionMask = 2147483647;
			files = (
				8479C14B22C2C64700FAFEFD /* ViewController.m in Sources */,
				8479C15622C2C64800FAFEFD /* main.m in Sources */,
				8479C14822C2C64700FAFEFD /* AppDelegate.m in Sources */,
			);
			runOnlyForDeploymentPostprocessing = 0;
		};
		8479C15722C2C64800FAFEFD /* Sources */ = {
			isa = PBXSourcesBuildPhase;
			buildActionMask = 2147483647;
			files = (
				8479C16022C2C64800FAFEFD /* Tip_CalculatorTests.m in Sources */,
			);
			runOnlyForDeploymentPostprocessing = 0;
		};
		8479C16222C2C64800FAFEFD /* Sources */ = {
			isa = PBXSourcesBuildPhase;
			buildActionMask = 2147483647;
			files = (
				8479C16B22C2C64800FAFEFD /* Tip_CalculatorUITests.m in Sources */,
			);
			runOnlyForDeploymentPostprocessing = 0;
		};
/* End PBXSourcesBuildPhase section */

/* Begin PBXTargetDependency section */
		8479C15D22C2C64800FAFEFD /* PBXTargetDependency */ = {
			isa = PBXTargetDependency;
			target = 8479C14222C2C64700FAFEFD /* Tip Calculator */;
			targetProxy = 8479C15C22C2C64800FAFEFD /* PBXContainerItemProxy */;
		};
		8479C16822C2C64800FAFEFD /* PBXTargetDependency */ = {
			isa = PBXTargetDependency;
			target = 8479C14222C2C64700FAFEFD /* Tip Calculator */;
			targetProxy = 8479C16722C2C64800FAFEFD /* PBXContainerItemProxy */;
		};
/* End PBXTargetDependency section */

/* Begin PBXVariantGroup section */
		8479C14C22C2C64700FAFEFD /* Main.storyboard */ = {
			isa = PBXVariantGroup;
			children = (
				8479C14D22C2C64700FAFEFD /* Base */,
			);
			name = Main.storyboard;
			sourceTree = "<group>";
		};
		8479C15122C2C64800FAFEFD /* LaunchScreen.storyboard */ = {
			isa = PBXVariantGroup;
			children = (
				8479C15222C2C64800FAFEFD /* Base */,
			);
			name = LaunchScreen.storyboard;
			sourceTree = "<group>";
		};
/* End PBXVariantGroup section */

/* Begin XCBuildConfiguration section */
		8479C16D22C2C64800FAFEFD /* Debug */ = {
			isa = XCBuildConfiguration;
			buildSettings = {
				ALWAYS_SEARCH_USER_PATHS = NO;
				CLANG_ANALYZER_NONNULL = YES;
				CLANG_ANALYZER_NUMBER_OBJECT_CONVERSION = YES_AGGRESSIVE;
				CLANG_CXX_LANGUAGE_STANDARD = "gnu++14";
				CLANG_CXX_LIBRARY = "libc++";
				CLANG_ENABLE_MODULES = YES;
				CLANG_ENABLE_OBJC_ARC = YES;
				CLANG_ENABLE_OBJC_WEAK = YES;
				CLANG_WARN_BLOCK_CAPTURE_AUTORELEASING = YES;
				CLANG_WARN_BOOL_CONVERSION = YES;
				CLANG_WARN_COMMA = YES;
				CLANG_WARN_CONSTANT_CONVERSION = YES;
				CLANG_WARN_DEPRECATED_OBJC_IMPLEMENTATIONS = YES;
				CLANG_WARN_DIRECT_OBJC_ISA_USAGE = YES_ERROR;
				CLANG_WARN_DOCUMENTATION_COMMENTS = YES;
				CLANG_WARN_EMPTY_BODY = YES;
				CLANG_WARN_ENUM_CONVERSION = YES;
				CLANG_WARN_INFINITE_RECURSION = YES;
				CLANG_WARN_INT_CONVERSION = YES;
				CLANG_WARN_NON_LITERAL_NULL_CONVERSION = YES;
				CLANG_WARN_OBJC_IMPLICIT_RETAIN_SELF = YES;
				CLANG_WARN_OBJC_LITERAL_CONVERSION = YES;
				CLANG_WARN_OBJC_ROOT_CLASS = YES_ERROR;
				CLANG_WARN_RANGE_LOOP_ANALYSIS = YES;
				CLANG_WARN_STRICT_PROTOTYPES = YES;
				CLANG_WARN_SUSPICIOUS_MOVE = YES;
				CLANG_WARN_UNGUARDED_AVAILABILITY = YES_AGGRESSIVE;
				CLANG_WARN_UNREACHABLE_CODE = YES;
				CLANG_WARN__DUPLICATE_METHOD_MATCH = YES;
				CODE_SIGN_IDENTITY = "iPhone Developer";
				COPY_PHASE_STRIP = NO;
				DEBUG_INFORMATION_FORMAT = dwarf;
				ENABLE_STRICT_OBJC_MSGSEND = YES;
				ENABLE_TESTABILITY = YES;
				GCC_C_LANGUAGE_STANDARD = gnu11;
				GCC_DYNAMIC_NO_PIC = NO;
				GCC_NO_COMMON_BLOCKS = YES;
				GCC_OPTIMIZATION_LEVEL = 0;
				GCC_PREPROCESSOR_DEFINITIONS = (
					"DEBUG=1",
					"$(inherited)",
				);
				GCC_WARN_64_TO_32_BIT_CONVERSION = YES;
				GCC_WARN_ABOUT_RETURN_TYPE = YES_ERROR;
				GCC_WARN_UNDECLARED_SELECTOR = YES;
				GCC_WARN_UNINITIALIZED_AUTOS = YES_AGGRESSIVE;
				GCC_WARN_UNUSED_FUNCTION = YES;
				GCC_WARN_UNUSED_VARIABLE = YES;
				IPHONEOS_DEPLOYMENT_TARGET = 12.2;
				MTL_ENABLE_DEBUG_INFO = INCLUDE_SOURCE;
				MTL_FAST_MATH = YES;
				ONLY_ACTIVE_ARCH = YES;
				SDKROOT = iphoneos;
			};
			name = Debug;
		};
		8479C16E22C2C64800FAFEFD /* Release */ = {
			isa = XCBuildConfiguration;
			buildSettings = {
				ALWAYS_SEARCH_USER_PATHS = NO;
				CLANG_ANALYZER_NONNULL = YES;
				CLANG_ANALYZER_NUMBER_OBJECT_CONVERSION = YES_AGGRESSIVE;
				CLANG_CXX_LANGUAGE_STANDARD = "gnu++14";
				CLANG_CXX_LIBRARY = "libc++";
				CLANG_ENABLE_MODULES = YES;
				CLANG_ENABLE_OBJC_ARC = YES;
				CLANG_ENABLE_OBJC_WEAK = YES;
				CLANG_WARN_BLOCK_CAPTURE_AUTORELEASING = YES;
				CLANG_WARN_BOOL_CONVERSION = YES;
				CLANG_WARN_COMMA = YES;
				CLANG_WARN_CONSTANT_CONVERSION = YES;
				CLANG_WARN_DEPRECATED_OBJC_IMPLEMENTATIONS = YES;
				CLANG_WARN_DIRECT_OBJC_ISA_USAGE = YES_ERROR;
				CLANG_WARN_DOCUMENTATION_COMMENTS = YES;
				CLANG_WARN_EMPTY_BODY = YES;
				CLANG_WARN_ENUM_CONVERSION = YES;
				CLANG_WARN_INFINITE_RECURSION = YES;
				CLANG_WARN_INT_CONVERSION = YES;
				CLANG_WARN_NON_LITERAL_NULL_CONVERSION = YES;
				CLANG_WARN_OBJC_IMPLICIT_RETAIN_SELF = YES;
				CLANG_WARN_OBJC_LITERAL_CONVERSION = YES;
				CLANG_WARN_OBJC_ROOT_CLASS = YES_ERROR;
				CLANG_WARN_RANGE_LOOP_ANALYSIS = YES;
				CLANG_WARN_STRICT_PROTOTYPES = YES;
				CLANG_WARN_SUSPICIOUS_MOVE = YES;
				CLANG_WARN_UNGUARDED_AVAILABILITY = YES_AGGRESSIVE;
				CLANG_WARN_UNREACHABLE_CODE = YES;
				CLANG_WARN__DUPLICATE_METHOD_MATCH = YES;
				CODE_SIGN_IDENTITY = "iPhone Developer";
				COPY_PHASE_STRIP = NO;
				DEBUG_INFORMATION_FORMAT = "dwarf-with-dsym";
				ENABLE_NS_ASSERTIONS = NO;
				ENABLE_STRICT_OBJC_MSGSEND = YES;
				GCC_C_LANGUAGE_STANDARD = gnu11;
				GCC_NO_COMMON_BLOCKS = YES;
				GCC_WARN_64_TO_32_BIT_CONVERSION = YES;
				GCC_WARN_ABOUT_RETURN_TYPE = YES_ERROR;
				GCC_WARN_UNDECLARED_SELECTOR = YES;
				GCC_WARN_UNINITIALIZED_AUTOS = YES_AGGRESSIVE;
				GCC_WARN_UNUSED_FUNCTION = YES;
				GCC_WARN_UNUSED_VARIABLE = YES;
				IPHONEOS_DEPLOYMENT_TARGET = 12.2;
				MTL_ENABLE_DEBUG_INFO = NO;
				MTL_FAST_MATH = YES;
				SDKROOT = iphoneos;
				VALIDATE_PRODUCT = YES;
			};
			name = Release;
		};
		8479C17022C2C64800FAFEFD /* Debug */ = {
			isa = XCBuildConfiguration;
			buildSettings = {
				ASSETCATALOG_COMPILER_APPICON_NAME = AppIcon;
				CODE_SIGN_STYLE = Automatic;
				INFOPLIST_FILE = "Tip Calculator/Info.plist";
				LD_RUNPATH_SEARCH_PATHS = (
					"$(inherited)",
					"@executable_path/Frameworks",
				);
				PRODUCT_BUNDLE_IDENTIFIER = "com.samason1.Tip-Calculator";
				PRODUCT_NAME = "$(TARGET_NAME)";
				TARGETED_DEVICE_FAMILY = "1,2";
			};
			name = Debug;
		};
		8479C17122C2C64800FAFEFD /* Release */ = {
			isa = XCBuildConfiguration;
			buildSettings = {
				ASSETCATALOG_COMPILER_APPICON_NAME = AppIcon;
				CODE_SIGN_STYLE = Automatic;
				INFOPLIST_FILE = "Tip Calculator/Info.plist";
				LD_RUNPATH_SEARCH_PATHS = (
					"$(inherited)",
					"@executable_path/Frameworks",
				);
				PRODUCT_BUNDLE_IDENTIFIER = "com.samason1.Tip-Calculator";
				PRODUCT_NAME = "$(TARGET_NAME)";
				TARGETED_DEVICE_FAMILY = "1,2";
			};
			name = Release;
		};
		8479C17322C2C64800FAFEFD /* Debug */ = {
			isa = XCBuildConfiguration;
			buildSettings = {
				BUNDLE_LOADER = "$(TEST_HOST)";
				CODE_SIGN_STYLE = Automatic;
				INFOPLIST_FILE = "Tip CalculatorTests/Info.plist";
				LD_RUNPATH_SEARCH_PATHS = (
					"$(inherited)",
					"@executable_path/Frameworks",
					"@loader_path/Frameworks",
				);
				PRODUCT_BUNDLE_IDENTIFIER = "com.samason1.Tip-CalculatorTests";
				PRODUCT_NAME = "$(TARGET_NAME)";
				TARGETED_DEVICE_FAMILY = "1,2";
				TEST_HOST = "$(BUILT_PRODUCTS_DIR)/Tip Calculator.app/Tip Calculator";
			};
			name = Debug;
		};
		8479C17422C2C64800FAFEFD /* Release */ = {
			isa = XCBuildConfiguration;
			buildSettings = {
				BUNDLE_LOADER = "$(TEST_HOST)";
				CODE_SIGN_STYLE = Automatic;
				INFOPLIST_FILE = "Tip CalculatorTests/Info.plist";
				LD_RUNPATH_SEARCH_PATHS = (
					"$(inherited)",
					"@executable_path/Frameworks",
					"@loader_path/Frameworks",
				);
				PRODUCT_BUNDLE_IDENTIFIER = "com.samason1.Tip-CalculatorTests";
				PRODUCT_NAME = "$(TARGET_NAME)";
				TARGETED_DEVICE_FAMILY = "1,2";
				TEST_HOST = "$(BUILT_PRODUCTS_DIR)/Tip Calculator.app/Tip Calculator";
			};
			name = Release;
		};
		8479C17622C2C64800FAFEFD /* Debug */ = {
			isa = XCBuildConfiguration;
			buildSettings = {
				CODE_SIGN_STYLE = Automatic;
				INFOPLIST_FILE = "Tip CalculatorUITests/Info.plist";
				LD_RUNPATH_SEARCH_PATHS = (
					"$(inherited)",
					"@executable_path/Frameworks",
					"@loader_path/Frameworks",
				);
				PRODUCT_BUNDLE_IDENTIFIER = "com.samason1.Tip-CalculatorUITests";
				PRODUCT_NAME = "$(TARGET_NAME)";
				TARGETED_DEVICE_FAMILY = "1,2";
				TEST_TARGET_NAME = "Tip Calculator";
			};
			name = Debug;
		};
		8479C17722C2C64800FAFEFD /* Release */ = {
			isa = XCBuildConfiguration;
			buildSettings = {
				CODE_SIGN_STYLE = Automatic;
				INFOPLIST_FILE = "Tip CalculatorUITests/Info.plist";
				LD_RUNPATH_SEARCH_PATHS = (
					"$(inherited)",
					"@executable_path/Frameworks",
					"@loader_path/Frameworks",
				);
				PRODUCT_BUNDLE_IDENTIFIER = "com.samason1.Tip-CalculatorUITests";
				PRODUCT_NAME = "$(TARGET_NAME)";
				TARGETED_DEVICE_FAMILY = "1,2";
				TEST_TARGET_NAME = "Tip Calculator";
			};
			name = Release;
		};
/* End XCBuildConfiguration section */

/* Begin XCConfigurationList section */
		8479C13E22C2C64700FAFEFD /* Build configuration list for PBXProject "Tip Calculator" */ = {
			isa = XCConfigurationList;
			buildConfigurations = (
				8479C16D22C2C64800FAFEFD /* Debug */,
				8479C16E22C2C64800FAFEFD /* Release */,
			);
			defaultConfigurationIsVisible = 0;
			defaultConfigurationName = Release;
		};
		8479C16F22C2C64800FAFEFD /* Build configuration list for PBXNativeTarget "Tip Calculator" */ = {
			isa = XCConfigurationList;
			buildConfigurations = (
				8479C17022C2C64800FAFEFD /* Debug */,
				8479C17122C2C64800FAFEFD /* Release */,
			);
			defaultConfigurationIsVisible = 0;
			defaultConfigurationName = Release;
		};
		8479C17222C2C64800FAFEFD /* Build configuration list for PBXNativeTarget "Tip CalculatorTests" */ = {
			isa = XCConfigurationList;
			buildConfigurations = (
				8479C17322C2C64800FAFEFD /* Debug */,
				8479C17422C2C64800FAFEFD /* Release */,
			);
			defaultConfigurationIsVisible = 0;
			defaultConfigurationName = Release;
		};
		8479C17522C2C64800FAFEFD /* Build configuration list for PBXNativeTarget "Tip CalculatorUITests" */ = {
			isa = XCConfigurationList;
			buildConfigurations = (
				8479C17622C2C64800FAFEFD /* Debug */,
				8479C17722C2C64800FAFEFD /* Release */,
			);
			defaultConfigurationIsVisible = 0;
			defaultConfigurationName = Release;
		};
/* End XCConfigurationList section */
	};
	rootObject = 8479C13B22C2C64700FAFEFD /* Project object */;
}
